// !$*UTF8*$!
{
	archiveVersion = 1;
	classes = {
	};
	objectVersion = 48;
	objects = {

/* Begin PBXBuildFile section */
		4C146481219627DF0059F2D7 /* Game.swift in Sources */ = {isa = PBXBuildFile; fileRef = 4C146480219627DF0059F2D7 /* Game.swift */; };
		4C146483219629110059F2D7 /* Monkey.swift in Sources */ = {isa = PBXBuildFile; fileRef = 4C146482219629110059F2D7 /* Monkey.swift */; };
		4C146485219629200059F2D7 /* Statue.swift in Sources */ = {isa = PBXBuildFile; fileRef = 4C146484219629200059F2D7 /* Statue.swift */; };
		4C146487219629310059F2D7 /* Banana.swift in Sources */ = {isa = PBXBuildFile; fileRef = 4C146486219629310059F2D7 /* Banana.swift */; };
		4C14648921977D3E0059F2D7 /* Sprite.swift in Sources */ = {isa = PBXBuildFile; fileRef = 4C14648821977D3E0059F2D7 /* Sprite.swift */; };
		4C14648B2197886B0059F2D7 /* Rubble.swift in Sources */ = {isa = PBXBuildFile; fileRef = 4C14648A2197886B0059F2D7 /* Rubble.swift */; };
		4C3887D32191802D001CA924 /* Platformer_woodland_images in Resources */ = {isa = PBXBuildFile; fileRef = 4C3887D22191802C001CA924 /* Platformer_woodland_images */; };
		4C3887E121918073001CA924 /* Bonus_Items_images in Resources */ = {isa = PBXBuildFile; fileRef = 4C3887E021918073001CA924 /* Bonus_Items_images */; };
		4C507719216F3F1C00BDC6E0 /* HighScoreViewController.swift in Sources */ = {isa = PBXBuildFile; fileRef = 4C507718216F3F1C00BDC6E0 /* HighScoreViewController.swift */; };
		4C50771B216F3F2F00BDC6E0 /* GameViewController.swift in Sources */ = {isa = PBXBuildFile; fileRef = 4C50771A216F3F2F00BDC6E0 /* GameViewController.swift */; };
		4C8CA6222180F6D70091B872 /* HighScore.swift in Sources */ = {isa = PBXBuildFile; fileRef = 4C8CA6212180F6D70091B872 /* HighScore.swift */; };
		4C8CA62421819CC00091B872 /* AppUtility.swift in Sources */ = {isa = PBXBuildFile; fileRef = 4C8CA62321819CC00091B872 /* AppUtility.swift */; };
		4C8CA6262181BDA90091B872 /* GameScene.swift in Sources */ = {isa = PBXBuildFile; fileRef = 4C8CA6252181BDA90091B872 /* GameScene.swift */; };
		4C937300218F7C8C00AF2863 /* DustBunnyImages.atlas in Resources */ = {isa = PBXBuildFile; fileRef = 4C9372FF218F7C8C00AF2863 /* DustBunnyImages.atlas */; };
		4CC0EE95216F255700246421 /* AppDelegate.swift in Sources */ = {isa = PBXBuildFile; fileRef = 4CC0EE94216F255700246421 /* AppDelegate.swift */; };
		4CC0EE97216F255700246421 /* MenuViewController.swift in Sources */ = {isa = PBXBuildFile; fileRef = 4CC0EE96216F255700246421 /* MenuViewController.swift */; };
		4CC0EE9A216F255700246421 /* Main.storyboard in Resources */ = {isa = PBXBuildFile; fileRef = 4CC0EE98216F255700246421 /* Main.storyboard */; };
		4CC0EE9C216F255700246421 /* Assets.xcassets in Resources */ = {isa = PBXBuildFile; fileRef = 4CC0EE9B216F255700246421 /* Assets.xcassets */; };
		4CC0EE9F216F255700246421 /* LaunchScreen.storyboard in Resources */ = {isa = PBXBuildFile; fileRef = 4CC0EE9D216F255700246421 /* LaunchScreen.storyboard */; };
		4CE85C9A21941EF7002970DE /* Icons_Jungle_images in Resources */ = {isa = PBXBuildFile; fileRef = 4CE85C9621941EF7002970DE /* Icons_Jungle_images */; };
		4CE85C9B21941EF7002970DE /* BG_Jungle_1_hor_rpt_Images in Resources */ = {isa = PBXBuildFile; fileRef = 4CE85C9721941EF7002970DE /* BG_Jungle_1_hor_rpt_Images */; };
		4CE85C9C21941EF7002970DE /* Char_Monkey_Free_Images in Resources */ = {isa = PBXBuildFile; fileRef = 4CE85C9821941EF7002970DE /* Char_Monkey_Free_Images */; };
		4CE85C9D21941EF7002970DE /* BG_Jungle_1_vert_Images in Resources */ = {isa = PBXBuildFile; fileRef = 4CE85C9921941EF7002970DE /* BG_Jungle_1_vert_Images */; };
		4CE85CB021942752002970DE /* MonkeyImages.atlas in Resources */ = {isa = PBXBuildFile; fileRef = 4CE85CAF21942752002970DE /* MonkeyImages.atlas */; };
/* End PBXBuildFile section */

/* Begin PBXFileReference section */
		4C146480219627DF0059F2D7 /* Game.swift */ = {isa = PBXFileReference; lastKnownFileType = sourcecode.swift; path = Game.swift; sourceTree = "<group>"; };
		4C146482219629110059F2D7 /* Monkey.swift */ = {isa = PBXFileReference; lastKnownFileType = sourcecode.swift; path = Monkey.swift; sourceTree = "<group>"; };
		4C146484219629200059F2D7 /* Statue.swift */ = {isa = PBXFileReference; lastKnownFileType = sourcecode.swift; path = Statue.swift; sourceTree = "<group>"; };
		4C146486219629310059F2D7 /* Banana.swift */ = {isa = PBXFileReference; lastKnownFileType = sourcecode.swift; path = Banana.swift; sourceTree = "<group>"; };
		4C14648821977D3E0059F2D7 /* Sprite.swift */ = {isa = PBXFileReference; lastKnownFileType = sourcecode.swift; path = Sprite.swift; sourceTree = "<group>"; };
		4C14648A2197886B0059F2D7 /* Rubble.swift */ = {isa = PBXFileReference; lastKnownFileType = sourcecode.swift; path = Rubble.swift; sourceTree = "<group>"; };
		4C3887D22191802C001CA924 /* Platformer_woodland_images */ = {isa = PBXFileReference; lastKnownFileType = folder; path = Platformer_woodland_images; sourceTree = "<group>"; };
		4C3887E021918073001CA924 /* Bonus_Items_images */ = {isa = PBXFileReference; lastKnownFileType = folder; path = Bonus_Items_images; sourceTree = "<group>"; };
		4C507718216F3F1C00BDC6E0 /* HighScoreViewController.swift */ = {isa = PBXFileReference; lastKnownFileType = sourcecode.swift; path = HighScoreViewController.swift; sourceTree = "<group>"; };
		4C50771A216F3F2F00BDC6E0 /* GameViewController.swift */ = {isa = PBXFileReference; lastKnownFileType = sourcecode.swift; path = GameViewController.swift; sourceTree = "<group>"; };
		4C8CA6212180F6D70091B872 /* HighScore.swift */ = {isa = PBXFileReference; lastKnownFileType = sourcecode.swift; path = HighScore.swift; sourceTree = "<group>"; };
		4C8CA62321819CC00091B872 /* AppUtility.swift */ = {isa = PBXFileReference; lastKnownFileType = sourcecode.swift; path = AppUtility.swift; sourceTree = "<group>"; };
		4C8CA6252181BDA90091B872 /* GameScene.swift */ = {isa = PBXFileReference; lastKnownFileType = sourcecode.swift; path = GameScene.swift; sourceTree = "<group>"; };
		4C9372FF218F7C8C00AF2863 /* DustBunnyImages.atlas */ = {isa = PBXFileReference; lastKnownFileType = folder.skatlas; path = DustBunnyImages.atlas; sourceTree = "<group>"; };
		4CC0EE91216F255700246421 /* RunningRabbit.app */ = {isa = PBXFileReference; explicitFileType = wrapper.application; includeInIndex = 0; path = RunningRabbit.app; sourceTree = BUILT_PRODUCTS_DIR; };
		4CC0EE94216F255700246421 /* AppDelegate.swift */ = {isa = PBXFileReference; lastKnownFileType = sourcecode.swift; path = AppDelegate.swift; sourceTree = "<group>"; };
		4CC0EE96216F255700246421 /* MenuViewController.swift */ = {isa = PBXFileReference; lastKnownFileType = sourcecode.swift; path = MenuViewController.swift; sourceTree = "<group>"; };
		4CC0EE99216F255700246421 /* Base */ = {isa = PBXFileReference; lastKnownFileType = file.storyboard; name = Base; path = Base.lproj/Main.storyboard; sourceTree = "<group>"; };
		4CC0EE9B216F255700246421 /* Assets.xcassets */ = {isa = PBXFileReference; lastKnownFileType = folder.assetcatalog; path = Assets.xcassets; sourceTree = "<group>"; };
		4CC0EE9E216F255700246421 /* Base */ = {isa = PBXFileReference; lastKnownFileType = file.storyboard; name = Base; path = Base.lproj/LaunchScreen.storyboard; sourceTree = "<group>"; };
		4CC0EEA0216F255700246421 /* Info.plist */ = {isa = PBXFileReference; lastKnownFileType = text.plist.xml; path = Info.plist; sourceTree = "<group>"; };
		4CE85C9621941EF7002970DE /* Icons_Jungle_images */ = {isa = PBXFileReference; lastKnownFileType = folder; path = Icons_Jungle_images; sourceTree = "<group>"; };
		4CE85C9721941EF7002970DE /* BG_Jungle_1_hor_rpt_Images */ = {isa = PBXFileReference; lastKnownFileType = folder; path = BG_Jungle_1_hor_rpt_Images; sourceTree = "<group>"; };
		4CE85C9821941EF7002970DE /* Char_Monkey_Free_Images */ = {isa = PBXFileReference; lastKnownFileType = folder; path = Char_Monkey_Free_Images; sourceTree = "<group>"; };
		4CE85C9921941EF7002970DE /* BG_Jungle_1_vert_Images */ = {isa = PBXFileReference; lastKnownFileType = folder; path = BG_Jungle_1_vert_Images; sourceTree = "<group>"; };
		4CE85CAF21942752002970DE /* MonkeyImages.atlas */ = {isa = PBXFileReference; lastKnownFileType = folder.skatlas; path = MonkeyImages.atlas; sourceTree = "<group>"; };
/* End PBXFileReference section */

/* Begin PBXFrameworksBuildPhase section */
		4CC0EE8E216F255700246421 /* Frameworks */ = {
			isa = PBXFrameworksBuildPhase;
			buildActionMask = 2147483647;
			files = (
			);
			runOnlyForDeploymentPostprocessing = 0;
		};
/* End PBXFrameworksBuildPhase section */

/* Begin PBXGroup section */
		4C8CA6272181BDB10091B872 /* HighScore */ = {
			isa = PBXGroup;
			children = (
				4C507718216F3F1C00BDC6E0 /* HighScoreViewController.swift */,
				4C8CA6212180F6D70091B872 /* HighScore.swift */,
			);
			path = HighScore;
			sourceTree = "<group>";
		};
		4CC0EE88216F255700246421 = {
			isa = PBXGroup;
			children = (
				4CC0EE93216F255700246421 /* RunningRabbit */,
				4CC0EE92216F255700246421 /* Products */,
			);
			sourceTree = "<group>";
		};
		4CC0EE92216F255700246421 /* Products */ = {
			isa = PBXGroup;
			children = (
				4CC0EE91216F255700246421 /* RunningRabbit.app */,
			);
			name = Products;
			sourceTree = "<group>";
		};
		4CC0EE93216F255700246421 /* RunningRabbit */ = {
			isa = PBXGroup;
			children = (
				4CE85CAF21942752002970DE /* MonkeyImages.atlas */,
				4CE85C9521941EB6002970DE /* JungleMonkeyImages */,
				4C3887E021918073001CA924 /* Bonus_Items_images */,
				4C3887D22191802C001CA924 /* Platformer_woodland_images */,
				4C9372FF218F7C8C00AF2863 /* DustBunnyImages.atlas */,
				4CC0EE98216F255700246421 /* Main.storyboard */,
				4CC0EE96216F255700246421 /* MenuViewController.swift */,
				4C50771A216F3F2F00BDC6E0 /* GameViewController.swift */,
				4C8CA6252181BDA90091B872 /* GameScene.swift */,
				4C146480219627DF0059F2D7 /* Game.swift */,
				4C14648821977D3E0059F2D7 /* Sprite.swift */,
				4C146482219629110059F2D7 /* Monkey.swift */,
				4C14648A2197886B0059F2D7 /* Rubble.swift */,
				4C146484219629200059F2D7 /* Statue.swift */,
				4C146486219629310059F2D7 /* Banana.swift */,
				4C8CA6272181BDB10091B872 /* HighScore */,
				4C8CA62321819CC00091B872 /* AppUtility.swift */,
				4CC0EEA6216F36AD00246421 /* SupportingFiles */,
				4CC0EEA0216F255700246421 /* Info.plist */,
			);
			path = RunningRabbit;
			sourceTree = "<group>";
		};
		4CC0EEA6216F36AD00246421 /* SupportingFiles */ = {
			isa = PBXGroup;
			children = (
				4CC0EE94216F255700246421 /* AppDelegate.swift */,
				4CC0EE9B216F255700246421 /* Assets.xcassets */,
				4CC0EE9D216F255700246421 /* LaunchScreen.storyboard */,
			);
			path = SupportingFiles;
			sourceTree = "<group>";
		};
		4CE85C9521941EB6002970DE /* JungleMonkeyImages */ = {
			isa = PBXGroup;
			children = (
				4CE85C9721941EF7002970DE /* BG_Jungle_1_hor_rpt_Images */,
				4CE85C9921941EF7002970DE /* BG_Jungle_1_vert_Images */,
				4CE85C9821941EF7002970DE /* Char_Monkey_Free_Images */,
				4CE85C9621941EF7002970DE /* Icons_Jungle_images */,
			);
			path = JungleMonkeyImages;
			sourceTree = "<group>";
		};
/* End PBXGroup section */

/* Begin PBXNativeTarget section */
		4CC0EE90216F255700246421 /* RunningRabbit */ = {
			isa = PBXNativeTarget;
			buildConfigurationList = 4CC0EEA3216F255700246421 /* Build configuration list for PBXNativeTarget "RunningRabbit" */;
			buildPhases = (
				4CC0EE8D216F255700246421 /* Sources */,
				4CC0EE8E216F255700246421 /* Frameworks */,
				4CC0EE8F216F255700246421 /* Resources */,
			);
			buildRules = (
			);
			dependencies = (
			);
			name = RunningRabbit;
			productName = RunningRabbit;
			productReference = 4CC0EE91216F255700246421 /* RunningRabbit.app */;
			productType = "com.apple.product-type.application";
		};
/* End PBXNativeTarget section */

/* Begin PBXProject section */
		4CC0EE89216F255700246421 /* Project object */ = {
			isa = PBXProject;
			attributes = {
				LastSwiftUpdateCheck = 0920;
				LastUpgradeCheck = 0920;
				ORGANIZATIONNAME = "María Karlsdóttir";
				TargetAttributes = {
					4CC0EE90216F255700246421 = {
						CreatedOnToolsVersion = 9.2;
						ProvisioningStyle = Automatic;
					};
				};
			};
			buildConfigurationList = 4CC0EE8C216F255700246421 /* Build configuration list for PBXProject "RunningRabbit" */;
			compatibilityVersion = "Xcode 8.0";
			developmentRegion = en;
			hasScannedForEncodings = 0;
			knownRegions = (
				en,
				Base,
			);
			mainGroup = 4CC0EE88216F255700246421;
			productRefGroup = 4CC0EE92216F255700246421 /* Products */;
			projectDirPath = "";
			projectRoot = "";
			targets = (
				4CC0EE90216F255700246421 /* RunningRabbit */,
			);
		};
/* End PBXProject section */

/* Begin PBXResourcesBuildPhase section */
		4CC0EE8F216F255700246421 /* Resources */ = {
			isa = PBXResourcesBuildPhase;
			buildActionMask = 2147483647;
			files = (
				4CC0EE9F216F255700246421 /* LaunchScreen.storyboard in Resources */,
				4CE85C9D21941EF7002970DE /* BG_Jungle_1_vert_Images in Resources */,
				4CE85C9B21941EF7002970DE /* BG_Jungle_1_hor_rpt_Images in Resources */,
				4CE85C9C21941EF7002970DE /* Char_Monkey_Free_Images in Resources */,
				4CE85CB021942752002970DE /* MonkeyImages.atlas in Resources */,
				4C3887E121918073001CA924 /* Bonus_Items_images in Resources */,
				4CC0EE9C216F255700246421 /* Assets.xcassets in Resources */,
				4C3887D32191802D001CA924 /* Platformer_woodland_images in Resources */,
				4C937300218F7C8C00AF2863 /* DustBunnyImages.atlas in Resources */,
				4CE85C9A21941EF7002970DE /* Icons_Jungle_images in Resources */,
				4CC0EE9A216F255700246421 /* Main.storyboard in Resources */,
			);
			runOnlyForDeploymentPostprocessing = 0;
		};
/* End PBXResourcesBuildPhase section */

/* Begin PBXSourcesBuildPhase section */
		4CC0EE8D216F255700246421 /* Sources */ = {
			isa = PBXSourcesBuildPhase;
			buildActionMask = 2147483647;
			files = (
				4C50771B216F3F2F00BDC6E0 /* GameViewController.swift in Sources */,
				4C14648B2197886B0059F2D7 /* Rubble.swift in Sources */,
				4C146485219629200059F2D7 /* Statue.swift in Sources */,
				4C507719216F3F1C00BDC6E0 /* HighScoreViewController.swift in Sources */,
				4C146487219629310059F2D7 /* Banana.swift in Sources */,
				4C8CA62421819CC00091B872 /* AppUtility.swift in Sources */,
				4CC0EE97216F255700246421 /* MenuViewController.swift in Sources */,
				4CC0EE95216F255700246421 /* AppDelegate.swift in Sources */,
				4C146483219629110059F2D7 /* Monkey.swift in Sources */,
				4C8CA6262181BDA90091B872 /* GameScene.swift in Sources */,
				4C8CA6222180F6D70091B872 /* HighScore.swift in Sources */,
				4C14648921977D3E0059F2D7 /* Sprite.swift in Sources */,
				4C146481219627DF0059F2D7 /* Game.swift in Sources */,
			);
			runOnlyForDeploymentPostprocessing = 0;
		};
/* End PBXSourcesBuildPhase section */

/* Begin PBXVariantGroup section */
		4CC0EE98216F255700246421 /* Main.storyboard */ = {
			isa = PBXVariantGroup;
			children = (
				4CC0EE99216F255700246421 /* Base */,
			);
			name = Main.storyboard;
			sourceTree = "<group>";
		};
		4CC0EE9D216F255700246421 /* LaunchScreen.storyboard */ = {
			isa = PBXVariantGroup;
			children = (
				4CC0EE9E216F255700246421 /* Base */,
			);
			name = LaunchScreen.storyboard;
			sourceTree = "<group>";
		};
/* End PBXVariantGroup section */

/* Begin XCBuildConfiguration section */
		4CC0EEA1216F255700246421 /* Debug */ = {
			isa = XCBuildConfiguration;
			buildSettings = {
				ALWAYS_SEARCH_USER_PATHS = NO;
				CLANG_ANALYZER_NONNULL = YES;
				CLANG_ANALYZER_NUMBER_OBJECT_CONVERSION = YES_AGGRESSIVE;
				CLANG_CXX_LANGUAGE_STANDARD = "gnu++14";
				CLANG_CXX_LIBRARY = "libc++";
				CLANG_ENABLE_MODULES = YES;
				CLANG_ENABLE_OBJC_ARC = YES;
				CLANG_WARN_BLOCK_CAPTURE_AUTORELEASING = YES;
				CLANG_WARN_BOOL_CONVERSION = YES;
				CLANG_WARN_COMMA = YES;
				CLANG_WARN_CONSTANT_CONVERSION = YES;
				CLANG_WARN_DIRECT_OBJC_ISA_USAGE = YES_ERROR;
				CLANG_WARN_DOCUMENTATION_COMMENTS = YES;
				CLANG_WARN_EMPTY_BODY = YES;
				CLANG_WARN_ENUM_CONVERSION = YES;
				CLANG_WARN_INFINITE_RECURSION = YES;
				CLANG_WARN_INT_CONVERSION = YES;
				CLANG_WARN_NON_LITERAL_NULL_CONVERSION = YES;
				CLANG_WARN_OBJC_LITERAL_CONVERSION = YES;
				CLANG_WARN_OBJC_ROOT_CLASS = YES_ERROR;
				CLANG_WARN_RANGE_LOOP_ANALYSIS = YES;
				CLANG_WARN_STRICT_PROTOTYPES = YES;
				CLANG_WARN_SUSPICIOUS_MOVE = YES;
				CLANG_WARN_UNGUARDED_AVAILABILITY = YES_AGGRESSIVE;
				CLANG_WARN_UNREACHABLE_CODE = YES;
				CLANG_WARN__DUPLICATE_METHOD_MATCH = YES;
				CODE_SIGN_IDENTITY = "iPhone Developer";
				COPY_PHASE_STRIP = NO;
				DEBUG_INFORMATION_FORMAT = dwarf;
				ENABLE_STRICT_OBJC_MSGSEND = YES;
				ENABLE_TESTABILITY = YES;
				GCC_C_LANGUAGE_STANDARD = gnu11;
				GCC_DYNAMIC_NO_PIC = NO;
				GCC_NO_COMMON_BLOCKS = YES;
				GCC_OPTIMIZATION_LEVEL = 0;
				GCC_PREPROCESSOR_DEFINITIONS = (
					"DEBUG=1",
					"$(inherited)",
				);
				GCC_WARN_64_TO_32_BIT_CONVERSION = YES;
				GCC_WARN_ABOUT_RETURN_TYPE = YES_ERROR;
				GCC_WARN_UNDECLARED_SELECTOR = YES;
				GCC_WARN_UNINITIALIZED_AUTOS = YES_AGGRESSIVE;
				GCC_WARN_UNUSED_FUNCTION = YES;
				GCC_WARN_UNUSED_VARIABLE = YES;
				IPHONEOS_DEPLOYMENT_TARGET = 11.2;
				MTL_ENABLE_DEBUG_INFO = YES;
				ONLY_ACTIVE_ARCH = YES;
				SDKROOT = iphoneos;
				SWIFT_ACTIVE_COMPILATION_CONDITIONS = DEBUG;
				SWIFT_OPTIMIZATION_LEVEL = "-Onone";
			};
			name = Debug;
		};
		4CC0EEA2216F255700246421 /* Release */ = {
			isa = XCBuildConfiguration;
			buildSettings = {
				ALWAYS_SEARCH_USER_PATHS = NO;
				CLANG_ANALYZER_NONNULL = YES;
				CLANG_ANALYZER_NUMBER_OBJECT_CONVERSION = YES_AGGRESSIVE;
				CLANG_CXX_LANGUAGE_STANDARD = "gnu++14";
				CLANG_CXX_LIBRARY = "libc++";
				CLANG_ENABLE_MODULES = YES;
				CLANG_ENABLE_OBJC_ARC = YES;
				CLANG_WARN_BLOCK_CAPTURE_AUTORELEASING = YES;
				CLANG_WARN_BOOL_CONVERSION = YES;
				CLANG_WARN_COMMA = YES;
				CLANG_WARN_CONSTANT_CONVERSION = YES;
				CLANG_WARN_DIRECT_OBJC_ISA_USAGE = YES_ERROR;
				CLANG_WARN_DOCUMENTATION_COMMENTS = YES;
				CLANG_WARN_EMPTY_BODY = YES;
				CLANG_WARN_ENUM_CONVERSION = YES;
				CLANG_WARN_INFINITE_RECURSION = YES;
				CLANG_WARN_INT_CONVERSION = YES;
				CLANG_WARN_NON_LITERAL_NULL_CONVERSION = YES;
				CLANG_WARN_OBJC_LITERAL_CONVERSION = YES;
				CLANG_WARN_OBJC_ROOT_CLASS = YES_ERROR;
				CLANG_WARN_RANGE_LOOP_ANALYSIS = YES;
				CLANG_WARN_STRICT_PROTOTYPES = YES;
				CLANG_WARN_SUSPICIOUS_MOVE = YES;
				CLANG_WARN_UNGUARDED_AVAILABILITY = YES_AGGRESSIVE;
				CLANG_WARN_UNREACHABLE_CODE = YES;
				CLANG_WARN__DUPLICATE_METHOD_MATCH = YES;
				CODE_SIGN_IDENTITY = "iPhone Developer";
				COPY_PHASE_STRIP = NO;
				DEBUG_INFORMATION_FORMAT = "dwarf-with-dsym";
				ENABLE_NS_ASSERTIONS = NO;
				ENABLE_STRICT_OBJC_MSGSEND = YES;
				GCC_C_LANGUAGE_STANDARD = gnu11;
				GCC_NO_COMMON_BLOCKS = YES;
				GCC_WARN_64_TO_32_BIT_CONVERSION = YES;
				GCC_WARN_ABOUT_RETURN_TYPE = YES_ERROR;
				GCC_WARN_UNDECLARED_SELECTOR = YES;
				GCC_WARN_UNINITIALIZED_AUTOS = YES_AGGRESSIVE;
				GCC_WARN_UNUSED_FUNCTION = YES;
				GCC_WARN_UNUSED_VARIABLE = YES;
				IPHONEOS_DEPLOYMENT_TARGET = 11.2;
				MTL_ENABLE_DEBUG_INFO = NO;
				SDKROOT = iphoneos;
				SWIFT_OPTIMIZATION_LEVEL = "-Owholemodule";
				VALIDATE_PRODUCT = YES;
			};
			name = Release;
		};
		4CC0EEA4216F255700246421 /* Debug */ = {
			isa = XCBuildConfiguration;
			buildSettings = {
				ASSETCATALOG_COMPILER_APPICON_NAME = AppIcon;
				CODE_SIGN_STYLE = Automatic;
				DEVELOPMENT_TEAM = 9SKF4WXN5H;
				INFOPLIST_FILE = RunningRabbit/Info.plist;
				LD_RUNPATH_SEARCH_PATHS = "$(inherited) @executable_path/Frameworks";
				PRODUCT_BUNDLE_IDENTIFIER = makar17.student.sdu.RunningRabbit;
				PRODUCT_NAME = "$(TARGET_NAME)";
				SWIFT_VERSION = 4.0;
				TARGETED_DEVICE_FAMILY = "1,2";
			};
			name = Debug;
		};
		4CC0EEA5216F255700246421 /* Release */ = {
			isa = XCBuildConfiguration;
			buildSettings = {
				ASSETCATALOG_COMPILER_APPICON_NAME = AppIcon;
				CODE_SIGN_STYLE = Automatic;
				DEVELOPMENT_TEAM = 9SKF4WXN5H;
				INFOPLIST_FILE = RunningRabbit/Info.plist;
				LD_RUNPATH_SEARCH_PATHS = "$(inherited) @executable_path/Frameworks";
				PRODUCT_BUNDLE_IDENTIFIER = makar17.student.sdu.RunningRabbit;
				PRODUCT_NAME = "$(TARGET_NAME)";
				SWIFT_VERSION = 4.0;
				TARGETED_DEVICE_FAMILY = "1,2";
			};
			name = Release;
		};
/* End XCBuildConfiguration section */

/* Begin XCConfigurationList section */
		4CC0EE8C216F255700246421 /* Build configuration list for PBXProject "RunningRabbit" */ = {
			isa = XCConfigurationList;
			buildConfigurations = (
				4CC0EEA1216F255700246421 /* Debug */,
				4CC0EEA2216F255700246421 /* Release */,
			);
			defaultConfigurationIsVisible = 0;
			defaultConfigurationName = Release;
		};
		4CC0EEA3216F255700246421 /* Build configuration list for PBXNativeTarget "RunningRabbit" */ = {
			isa = XCConfigurationList;
			buildConfigurations = (
				4CC0EEA4216F255700246421 /* Debug */,
				4CC0EEA5216F255700246421 /* Release */,
			);
			defaultConfigurationIsVisible = 0;
			defaultConfigurationName = Release;
		};
/* End XCConfigurationList section */
	};
	rootObject = 4CC0EE89216F255700246421 /* Project object */;
}
